
Microsoft Visual Studio Solution File, Format Version 12.00
# Visual Studio 15
VisualStudioVersion = 15.0.27703.2035
MinimumVisualStudioVersion = 10.0.40219.1
Project("{F184B08F-C81C-45F6-A57F-5ABD9991F28F}") = "Estructuras-Datos", "Estructuras-Datos\Estructuras-Datos.vbproj", "{9DE7DFE0-9F2E-45A1-A92D-28A40DABCBBA}"
EndProject
Global
	GlobalSection(SolutionConfigurationPlatforms) = preSolution
		Debug|Any CPU = Debug|Any CPU
		Release|Any CPU = Release|Any CPU
	EndGlobalSection
	GlobalSection(ProjectConfigurationPlatforms) = postSolution
		{9DE7DFE0-9F2E-45A1-A92D-28A40DABCBBA}.Debug|Any CPU.ActiveCfg = Debug|Any CPU
		{9DE7DFE0-9F2E-45A1-A92D-28A40DABCBBA}.Debug|Any CPU.Build.0 = Debug|Any CPU
		{9DE7DFE0-9F2E-45A1-A92D-28A40DABCBBA}.Release|Any CPU.ActiveCfg = Release|Any CPU
		{9DE7DFE0-9F2E-45A1-A92D-28A40DABCBBA}.Release|Any CPU.Build.0 = Release|Any CPU
	EndGlobalSection
	GlobalSection(SolutionProperties) = preSolution
		HideSolutionNode = FALSE
	EndGlobalSection
	GlobalSection(ExtensibilityGlobals) = postSolution
		SolutionGuid = {52F261E3-874F-405D-8980-41E3D62769BF}
	EndGlobalSection
EndGlobal
